<?xml version="1.0" encoding="utf-8"?>
<Project ToolsVersion="4.0" xmlns="http://schemas.microsoft.com/developer/msbuild/2003">
  <ItemGroup>
    <Filter Include="Engine">
      <UniqueIdentifier>{a83b7c34-a22b-4e5e-8f7f-2f76bb561b36}</UniqueIdentifier>
    </Filter>
    <Filter Include="Engine\DirectX">
      <UniqueIdentifier>{ece87b5f-b510-4e2c-afa7-75b96eea12e0}</UniqueIdentifier>
    </Filter>
    <Filter Include="Engine\math">
      <UniqueIdentifier>{2a475255-ae17-44f5-adc8-aca86ba75b3d}</UniqueIdentifier>
    </Filter>
  </ItemGroup>
  <ItemGroup>
    <ClCompile Include="Log.cpp">
      <Filter>Engine</Filter>
    </ClCompile>
    <ClCompile Include="main.cpp" />
    <ClCompile Include="stdafx.cpp" />
    <ClCompile Include="window.cpp">
      <Filter>Engine</Filter>
    </ClCompile>
    <ClCompile Include="Scene.cpp">
      <Filter>Engine</Filter>
    </ClCompile>
    <ClCompile Include="GameObject.cpp">
      <Filter>Engine</Filter>
    </ClCompile>
    <ClCompile Include="Component.cpp">
      <Filter>Engine</Filter>
    </ClCompile>
    <ClCompile Include="Rect2.cpp">
      <Filter>Engine\math</Filter>
    </ClCompile>
    <ClCompile Include="vector.cpp">
      <Filter>Engine\math</Filter>
    </ClCompile>
    <ClCompile Include="DX12.cpp">
      <Filter>Engine\DirectX</Filter>
    </ClCompile>
    <ClCompile Include="Game.cpp">
      <Filter>Engine</Filter>
    </ClCompile>
    <ClCompile Include="GameObjectHandle.cpp">
      <Filter>Engine</Filter>
    </ClCompile>
    <ClCompile Include="DX12CmdList.cpp">
      <Filter>Engine\DirectX</Filter>
    </ClCompile>
    <ClCompile Include="DX12DescriptorHeap.cpp">
      <Filter>Engine\DirectX</Filter>
    </ClCompile>
    <ClCompile Include="DX12Resource.cpp">
      <Filter>Engine\DirectX</Filter>
    </ClCompile>
    <ClCompile Include="DX12ShaderObject.cpp">
      <Filter>Engine\DirectX</Filter>
    </ClCompile>
    <ClCompile Include="DX12GraphicsPipeline.cpp">
      <Filter>Engine\DirectX</Filter>
    </ClCompile>
    <ClCompile Include="DX12RootSignature.cpp">
      <Filter>Engine\DirectX</Filter>
    </ClCompile>
    <ClCompile Include="DX12Pimple.cpp">
      <Filter>Engine\DirectX</Filter>
    </ClCompile>
    <ClCompile Include="DX12SwapChain.cpp">
      <Filter>Engine\DirectX</Filter>
    </ClCompile>
    <ClCompile Include="TextureManager.cpp">
      <Filter>Engine</Filter>
    </ClCompile>
  </ItemGroup>
  <ItemGroup>
    <ClInclude Include="Log.h">
      <Filter>Engine</Filter>
    </ClInclude>
    <ClInclude Include="stdafx.h" />
    <ClInclude Include="window.h">
      <Filter>Engine</Filter>
    </ClInclude>
    <ClInclude Include="Scene.h">
      <Filter>Engine</Filter>
    </ClInclude>
    <ClInclude Include="GameObject.h">
      <Filter>Engine</Filter>
    </ClInclude>
    <ClInclude Include="Component.h">
      <Filter>Engine</Filter>
    </ClInclude>
    <ClInclude Include="Rect2.h">
      <Filter>Engine\math</Filter>
    </ClInclude>
    <ClInclude Include="vector.h">
      <Filter>Engine\math</Filter>
    </ClInclude>
    <ClInclude Include="Scene1.h" />
    <ClInclude Include="Component1.h" />
    <ClInclude Include="DX12.h">
      <Filter>Engine\DirectX</Filter>
    </ClInclude>
    <ClInclude Include="Game.h">
      <Filter>Engine</Filter>
    </ClInclude>
    <ClInclude Include="GameObjectHandle.h">
      <Filter>Engine</Filter>
    </ClInclude>
    <ClInclude Include="ComponentHandle.h">
      <Filter>Engine</Filter>
    </ClInclude>
    <ClInclude Include="Component2.h" />
    <ClInclude Include="DX12DescriptorHeap.h">
      <Filter>Engine\DirectX</Filter>
    </ClInclude>
    <ClInclude Include="DX12ConfigEnums.h">
      <Filter>Engine\DirectX</Filter>
    </ClInclude>
    <ClInclude Include="DX12Resource.h">
      <Filter>Engine\DirectX</Filter>
    </ClInclude>
    <ClInclude Include="DX12CommonInclude.h">
      <Filter>Engine\DirectX</Filter>
    </ClInclude>
    <ClInclude Include="DX12ShaderObject.h">
      <Filter>Engine\DirectX</Filter>
    </ClInclude>
    <ClInclude Include="DX12GraphicsPipeline.h">
      <Filter>Engine\DirectX</Filter>
    </ClInclude>
    <ClInclude Include="DX12VertexLayoutUnit.h">
      <Filter>Engine\DirectX</Filter>
    </ClInclude>
    <ClInclude Include="DX12RootSignature.h">
      <Filter>Engine\DirectX</Filter>
    </ClInclude>
    <ClInclude Include="DX12RootParameter.h">
      <Filter>Engine\DirectX</Filter>
    </ClInclude>
    <ClInclude Include="DX12Pimple.h">
      <Filter>Engine\DirectX</Filter>
    </ClInclude>
    <ClInclude Include="DX12SwapChain.h">
      <Filter>Engine\DirectX</Filter>
    </ClInclude>
    <ClInclude Include="TextureManager.h">
      <Filter>Engine</Filter>
    </ClInclude>
    <ClInclude Include="myassert.h">
      <Filter>Engine</Filter>
    </ClInclude>
  </ItemGroup>
  <ItemGroup>
    <FxCompile Include="BasicVertexShader.hlsl">
      <Filter>Engine\DirectX</Filter>
    </FxCompile>
    <FxCompile Include="BasicPixelShader.hlsl">
      <Filter>Engine\DirectX</Filter>
    </FxCompile>
  </ItemGroup>
  <ItemGroup>
    <None Include="BasicShaderHeader.hlsli">
      <Filter>Engine\DirectX</Filter>
    </None>
  </ItemGroup>
</Project>