<?xml version="1.0" encoding="utf-8"?>
<Project ToolsVersion="4.0" xmlns="http://schemas.microsoft.com/developer/msbuild/2003">
  <ItemGroup>
    <Filter Include="Engine">
      <UniqueIdentifier>{a83b7c34-a22b-4e5e-8f7f-2f76bb561b36}</UniqueIdentifier>
    </Filter>
    <Filter Include="Engine\DX12">
      <UniqueIdentifier>{961a24a3-f216-4bcd-a153-e31ad7d03db9}</UniqueIdentifier>
    </Filter>
    <Filter Include="Engine\Math">
      <UniqueIdentifier>{b24fdd92-f137-4847-bcd9-4f38b4341f83}</UniqueIdentifier>
    </Filter>
    <Filter Include="test">
      <UniqueIdentifier>{995494a2-3078-4979-94c5-96ff6cd926f6}</UniqueIdentifier>
    </Filter>
  </ItemGroup>
  <ItemGroup>
    <ClCompile Include="stdafx.cpp" />
    <ClCompile Include="Engine\Component.cpp">
      <Filter>Engine</Filter>
    </ClCompile>
    <ClCompile Include="Engine\Game.cpp">
      <Filter>Engine</Filter>
    </ClCompile>
    <ClCompile Include="Engine\GameObject.cpp">
      <Filter>Engine</Filter>
    </ClCompile>
    <ClCompile Include="Engine\InputSystem.cpp">
      <Filter>Engine</Filter>
    </ClCompile>
    <ClCompile Include="Engine\Log.cpp">
      <Filter>Engine</Filter>
    </ClCompile>
    <ClCompile Include="Engine\Scene.cpp">
      <Filter>Engine</Filter>
    </ClCompile>
    <ClCompile Include="Engine\UIScreen.cpp">
      <Filter>Engine</Filter>
    </ClCompile>
    <ClCompile Include="Engine\window.cpp">
      <Filter>Engine</Filter>
    </ClCompile>
    <ClCompile Include="Engine\Math\Matrix4x4.cpp">
      <Filter>Engine\Math</Filter>
    </ClCompile>
    <ClCompile Include="Engine\Math\MatVec.cpp">
      <Filter>Engine\Math</Filter>
    </ClCompile>
    <ClCompile Include="Engine\Math\Rect2.cpp">
      <Filter>Engine\Math</Filter>
    </ClCompile>
    <ClCompile Include="Engine\Math\Vector2.cpp">
      <Filter>Engine\Math</Filter>
    </ClCompile>
    <ClCompile Include="Engine\Math\Vector3.cpp">
      <Filter>Engine\Math</Filter>
    </ClCompile>
    <ClCompile Include="Engine\Math\Vector4.cpp">
      <Filter>Engine\Math</Filter>
    </ClCompile>
    <ClCompile Include="main.cpp" />
    <ClCompile Include="Engine\ElementContainer.cpp">
      <Filter>Engine</Filter>
    </ClCompile>
    <ClCompile Include="Engine\GameObjectHandle.cpp">
      <Filter>Engine</Filter>
    </ClCompile>
    <ClCompile Include="Engine\DX12\Master.cpp">
      <Filter>Engine\DX12</Filter>
    </ClCompile>
    <ClCompile Include="Engine\DX12\GraphicsCommandList.cpp">
      <Filter>Engine\DX12</Filter>
    </ClCompile>
    <ClCompile Include="Engine\DX12\CommandQueue.cpp">
      <Filter>Engine\DX12</Filter>
    </ClCompile>
    <ClCompile Include="Engine\DX12\Fence.cpp">
      <Filter>Engine\DX12</Filter>
    </ClCompile>
    <ClCompile Include="Engine\DX12\SwapChain.cpp">
      <Filter>Engine\DX12</Filter>
    </ClCompile>
    <ClCompile Include="Engine\DX12\Resource.cpp">
      <Filter>Engine\DX12</Filter>
    </ClCompile>
    <ClCompile Include="Engine\DX12\Texture2D.cpp">
      <Filter>Engine\DX12</Filter>
    </ClCompile>
    <ClCompile Include="Engine\DX12\DescriptorHeap.cpp">
      <Filter>Engine\DX12</Filter>
    </ClCompile>
    <ClCompile Include="Engine\DX12\VertexBuffer.cpp">
      <Filter>Engine\DX12</Filter>
    </ClCompile>
    <ClCompile Include="Engine\DX12\IndexBuffer.cpp">
      <Filter>Engine\DX12</Filter>
    </ClCompile>
    <ClCompile Include="Engine\DX12\GraphicsPipeline.cpp">
      <Filter>Engine\DX12</Filter>
    </ClCompile>
    <ClCompile Include="Engine\DX12\ShaderObject.cpp">
      <Filter>Engine\DX12</Filter>
    </ClCompile>
    <ClCompile Include="Engine\DX12\RootSignature.cpp">
      <Filter>Engine\DX12</Filter>
    </ClCompile>
    <ClCompile Include="Engine\DX12\Buffer.cpp">
      <Filter>Engine\DX12</Filter>
    </ClCompile>
    <ClCompile Include="Engine\DX12\ConstBuffer.cpp">
      <Filter>Engine\DX12</Filter>
    </ClCompile>
    <ClCompile Include="Engine\DX12\ImageLoad.cpp">
      <Filter>Engine\DX12</Filter>
    </ClCompile>
    <ClCompile Include="Engine\DX12\DepthStencilBuffer.cpp">
      <Filter>Engine\DX12</Filter>
    </ClCompile>
    <ClCompile Include="test\Scene1.cpp">
      <Filter>test</Filter>
    </ClCompile>
    <ClCompile Include="test\Scene2.cpp">
      <Filter>test</Filter>
    </ClCompile>
    <ClCompile Include="test\Scene3.cpp">
      <Filter>test</Filter>
    </ClCompile>
    <ClCompile Include="test\Component1.cpp">
      <Filter>test</Filter>
    </ClCompile>
    <ClCompile Include="test\Component2.cpp">
      <Filter>test</Filter>
    </ClCompile>
    <ClCompile Include="test\Game1.cpp">
      <Filter>test</Filter>
    </ClCompile>
    <ClCompile Include="Engine\FontMaster.cpp">
      <Filter>Engine</Filter>
    </ClCompile>
    <ClCompile Include="Engine\DX12\Texture1D.cpp">
      <Filter>Engine\DX12</Filter>
    </ClCompile>
  </ItemGroup>
  <ItemGroup>
    <ClInclude Include="stdafx.h" />
    <ClInclude Include="Engine\Component.h">
      <Filter>Engine</Filter>
    </ClInclude>
    <ClInclude Include="Engine\ComponentHandle.h">
      <Filter>Engine</Filter>
    </ClInclude>
    <ClInclude Include="Engine\Game.h">
      <Filter>Engine</Filter>
    </ClInclude>
    <ClInclude Include="Engine\GameObject.h">
      <Filter>Engine</Filter>
    </ClInclude>
    <ClInclude Include="Engine\InputSystem.h">
      <Filter>Engine</Filter>
    </ClInclude>
    <ClInclude Include="Engine\Log.h">
      <Filter>Engine</Filter>
    </ClInclude>
    <ClInclude Include="Engine\Scene.h">
      <Filter>Engine</Filter>
    </ClInclude>
    <ClInclude Include="Engine\UIScreen.h">
      <Filter>Engine</Filter>
    </ClInclude>
    <ClInclude Include="Engine\window.h">
      <Filter>Engine</Filter>
    </ClInclude>
    <ClInclude Include="Engine\Math\Math.h">
      <Filter>Engine\Math</Filter>
    </ClInclude>
    <ClInclude Include="Engine\Math\MathMacro.h">
      <Filter>Engine\Math</Filter>
    </ClInclude>
    <ClInclude Include="Engine\Math\Matrix4x4.h">
      <Filter>Engine\Math</Filter>
    </ClInclude>
    <ClInclude Include="Engine\Math\MatVec.h">
      <Filter>Engine\Math</Filter>
    </ClInclude>
    <ClInclude Include="Engine\Math\Rect2.h">
      <Filter>Engine\Math</Filter>
    </ClInclude>
    <ClInclude Include="Engine\Math\Vector2.h">
      <Filter>Engine\Math</Filter>
    </ClInclude>
    <ClInclude Include="Engine\Math\Vector3.h">
      <Filter>Engine\Math</Filter>
    </ClInclude>
    <ClInclude Include="Engine\Math\Vector4.h">
      <Filter>Engine\Math</Filter>
    </ClInclude>
    <ClInclude Include="Engine\ElementContainer.h">
      <Filter>Engine</Filter>
    </ClInclude>
    <ClInclude Include="Engine\GameObjectHandle.h">
      <Filter>Engine</Filter>
    </ClInclude>
    <ClInclude Include="Engine\DX12\Master.h">
      <Filter>Engine\DX12</Filter>
    </ClInclude>
    <ClInclude Include="Engine\DX12\GraphicsCommandList.h">
      <Filter>Engine\DX12</Filter>
    </ClInclude>
    <ClInclude Include="Engine\DX12\CommandQueue.h">
      <Filter>Engine\DX12</Filter>
    </ClInclude>
    <ClInclude Include="Engine\DX12\Fence.h">
      <Filter>Engine\DX12</Filter>
    </ClInclude>
    <ClInclude Include="Engine\DX12\SwapChain.h">
      <Filter>Engine\DX12</Filter>
    </ClInclude>
    <ClInclude Include="Engine\DX12\Resource.h">
      <Filter>Engine\DX12</Filter>
    </ClInclude>
    <ClInclude Include="Engine\DX12\Texture2D.h">
      <Filter>Engine\DX12</Filter>
    </ClInclude>
    <ClInclude Include="Engine\DX12\DescriptorHeap.h">
      <Filter>Engine\DX12</Filter>
    </ClInclude>
    <ClInclude Include="Engine\DX12\VertexBuffer.h">
      <Filter>Engine\DX12</Filter>
    </ClInclude>
    <ClInclude Include="Engine\DX12\IndexBuffer.h">
      <Filter>Engine\DX12</Filter>
    </ClInclude>
    <ClInclude Include="Engine\DX12\GraphicsPipeline.h">
      <Filter>Engine\DX12</Filter>
    </ClInclude>
    <ClInclude Include="Engine\DX12\ShaderObject.h">
      <Filter>Engine\DX12</Filter>
    </ClInclude>
    <ClInclude Include="Engine\DX12\RootSignature.h">
      <Filter>Engine\DX12</Filter>
    </ClInclude>
    <ClInclude Include="Engine\DX12\DescriptorRange.h">
      <Filter>Engine\DX12</Filter>
    </ClInclude>
    <ClInclude Include="Engine\DX12\VertexLayout.h">
      <Filter>Engine\DX12</Filter>
    </ClInclude>
    <ClInclude Include="Engine\DX12\Buffer.h">
      <Filter>Engine\DX12</Filter>
    </ClInclude>
    <ClInclude Include="Engine\DX12\ConstBuffer.h">
      <Filter>Engine\DX12</Filter>
    </ClInclude>
    <ClInclude Include="Engine\DX12\ImageLoad.h">
      <Filter>Engine\DX12</Filter>
    </ClInclude>
    <ClInclude Include="Engine\DX12\DepthStencilBuffer.h">
      <Filter>Engine\DX12</Filter>
    </ClInclude>
    <ClInclude Include="test\Scene1.h">
      <Filter>test</Filter>
    </ClInclude>
    <ClInclude Include="test\Scene2.h">
      <Filter>test</Filter>
    </ClInclude>
    <ClInclude Include="test\Scene3.h">
      <Filter>test</Filter>
    </ClInclude>
    <ClInclude Include="test\Component1.h">
      <Filter>test</Filter>
    </ClInclude>
    <ClInclude Include="test\Component2.h">
      <Filter>test</Filter>
    </ClInclude>
    <ClInclude Include="test\Game1.h">
      <Filter>test</Filter>
    </ClInclude>
    <ClInclude Include="Engine\FontMaster.h">
      <Filter>Engine</Filter>
    </ClInclude>
    <ClInclude Include="Engine\DX12\Texture1D.h">
      <Filter>Engine\DX12</Filter>
    </ClInclude>
  </ItemGroup>
  <ItemGroup>
    <FxCompile Include="test\VertexShader.hlsl">
      <Filter>test</Filter>
    </FxCompile>
    <FxCompile Include="test\PixelShader.hlsl">
      <Filter>test</Filter>
    </FxCompile>
  </ItemGroup>
  <ItemGroup>
    <None Include="test\Header.hlsli">
      <Filter>test</Filter>
    </None>
  </ItemGroup>
</Project>