<?xml version="1.0" encoding="utf-8"?>
<Project ToolsVersion="4.0" xmlns="http://schemas.microsoft.com/developer/msbuild/2003">
  <ItemGroup>
    <Filter Include="Engine">
      <UniqueIdentifier>{a83b7c34-a22b-4e5e-8f7f-2f76bb561b36}</UniqueIdentifier>
    </Filter>
    <Filter Include="Engine\DX12">
      <UniqueIdentifier>{961a24a3-f216-4bcd-a153-e31ad7d03db9}</UniqueIdentifier>
    </Filter>
    <Filter Include="Engine\Math">
      <UniqueIdentifier>{b24fdd92-f137-4847-bcd9-4f38b4341f83}</UniqueIdentifier>
    </Filter>
    <Filter Include="test">
      <UniqueIdentifier>{995494a2-3078-4979-94c5-96ff6cd926f6}</UniqueIdentifier>
    </Filter>
  </ItemGroup>
  <ItemGroup>
    <ClCompile Include="main.cpp" />
    <ClCompile Include="stdafx.cpp" />
    <ClCompile Include="Engine\Component.cpp">
      <Filter>Engine</Filter>
    </ClCompile>
    <ClCompile Include="Engine\Game.cpp">
      <Filter>Engine</Filter>
    </ClCompile>
    <ClCompile Include="Engine\GameObject.cpp">
      <Filter>Engine</Filter>
    </ClCompile>
    <ClCompile Include="Engine\GameObjectHandle.cpp">
      <Filter>Engine</Filter>
    </ClCompile>
    <ClCompile Include="Engine\InputSystem.cpp">
      <Filter>Engine</Filter>
    </ClCompile>
    <ClCompile Include="Engine\Log.cpp">
      <Filter>Engine</Filter>
    </ClCompile>
    <ClCompile Include="Engine\Scene.cpp">
      <Filter>Engine</Filter>
    </ClCompile>
    <ClCompile Include="Engine\ShaderManager.cpp">
      <Filter>Engine</Filter>
    </ClCompile>
    <ClCompile Include="Engine\TextureManager.cpp">
      <Filter>Engine</Filter>
    </ClCompile>
    <ClCompile Include="Engine\UIScreen.cpp">
      <Filter>Engine</Filter>
    </ClCompile>
    <ClCompile Include="Engine\window.cpp">
      <Filter>Engine</Filter>
    </ClCompile>
    <ClCompile Include="Engine\DX12\DX12.cpp">
      <Filter>Engine\DX12</Filter>
    </ClCompile>
    <ClCompile Include="Engine\DX12\DX12CmdList.cpp">
      <Filter>Engine\DX12</Filter>
    </ClCompile>
    <ClCompile Include="Engine\DX12\DX12DescriptorHeap.cpp">
      <Filter>Engine\DX12</Filter>
    </ClCompile>
    <ClCompile Include="Engine\DX12\DX12GraphicsPipeline.cpp">
      <Filter>Engine\DX12</Filter>
    </ClCompile>
    <ClCompile Include="Engine\DX12\DX12Pimple.cpp">
      <Filter>Engine\DX12</Filter>
    </ClCompile>
    <ClCompile Include="Engine\DX12\DX12Resource.cpp">
      <Filter>Engine\DX12</Filter>
    </ClCompile>
    <ClCompile Include="Engine\DX12\DX12RootSignature.cpp">
      <Filter>Engine\DX12</Filter>
    </ClCompile>
    <ClCompile Include="Engine\DX12\DX12ShaderObject.cpp">
      <Filter>Engine\DX12</Filter>
    </ClCompile>
    <ClCompile Include="Engine\DX12\DX12SwapChain.cpp">
      <Filter>Engine\DX12</Filter>
    </ClCompile>
    <ClCompile Include="Engine\Math\Matrix4x4.cpp">
      <Filter>Engine\Math</Filter>
    </ClCompile>
    <ClCompile Include="Engine\Math\MatVec.cpp">
      <Filter>Engine\Math</Filter>
    </ClCompile>
    <ClCompile Include="Engine\Math\Rect2.cpp">
      <Filter>Engine\Math</Filter>
    </ClCompile>
    <ClCompile Include="Engine\Math\Vector2.cpp">
      <Filter>Engine\Math</Filter>
    </ClCompile>
    <ClCompile Include="Engine\Math\Vector3.cpp">
      <Filter>Engine\Math</Filter>
    </ClCompile>
    <ClCompile Include="Engine\Math\Vector4.cpp">
      <Filter>Engine\Math</Filter>
    </ClCompile>
    <ClCompile Include="test\Scene1.cpp">
      <Filter>test</Filter>
    </ClCompile>
  </ItemGroup>
  <ItemGroup>
    <ClInclude Include="stdafx.h" />
    <ClInclude Include="Engine\Component.h">
      <Filter>Engine</Filter>
    </ClInclude>
    <ClInclude Include="Engine\ComponentHandle.h">
      <Filter>Engine</Filter>
    </ClInclude>
    <ClInclude Include="Engine\Game.h">
      <Filter>Engine</Filter>
    </ClInclude>
    <ClInclude Include="Engine\GameObject.h">
      <Filter>Engine</Filter>
    </ClInclude>
    <ClInclude Include="Engine\GameObjectHandle.h">
      <Filter>Engine</Filter>
    </ClInclude>
    <ClInclude Include="Engine\InputSystem.h">
      <Filter>Engine</Filter>
    </ClInclude>
    <ClInclude Include="Engine\Log.h">
      <Filter>Engine</Filter>
    </ClInclude>
    <ClInclude Include="Engine\Scene.h">
      <Filter>Engine</Filter>
    </ClInclude>
    <ClInclude Include="Engine\ShaderManager.h">
      <Filter>Engine</Filter>
    </ClInclude>
    <ClInclude Include="Engine\TextureManager.h">
      <Filter>Engine</Filter>
    </ClInclude>
    <ClInclude Include="Engine\UIScreen.h">
      <Filter>Engine</Filter>
    </ClInclude>
    <ClInclude Include="Engine\window.h">
      <Filter>Engine</Filter>
    </ClInclude>
    <ClInclude Include="Engine\DX12\DX12VertexLayoutUnit.h">
      <Filter>Engine\DX12</Filter>
    </ClInclude>
    <ClInclude Include="Engine\DX12\DX12.h">
      <Filter>Engine\DX12</Filter>
    </ClInclude>
    <ClInclude Include="Engine\DX12\DX12CommonInclude.h">
      <Filter>Engine\DX12</Filter>
    </ClInclude>
    <ClInclude Include="Engine\DX12\DX12ConfigEnums.h">
      <Filter>Engine\DX12</Filter>
    </ClInclude>
    <ClInclude Include="Engine\DX12\DX12DescriptorHeap.h">
      <Filter>Engine\DX12</Filter>
    </ClInclude>
    <ClInclude Include="Engine\DX12\DX12GraphicsPipeline.h">
      <Filter>Engine\DX12</Filter>
    </ClInclude>
    <ClInclude Include="Engine\DX12\DX12Pimple.h">
      <Filter>Engine\DX12</Filter>
    </ClInclude>
    <ClInclude Include="Engine\DX12\DX12Resource.h">
      <Filter>Engine\DX12</Filter>
    </ClInclude>
    <ClInclude Include="Engine\DX12\DX12RootParameter.h">
      <Filter>Engine\DX12</Filter>
    </ClInclude>
    <ClInclude Include="Engine\DX12\DX12RootSignature.h">
      <Filter>Engine\DX12</Filter>
    </ClInclude>
    <ClInclude Include="Engine\DX12\DX12ShaderObject.h">
      <Filter>Engine\DX12</Filter>
    </ClInclude>
    <ClInclude Include="Engine\DX12\DX12SwapChain.h">
      <Filter>Engine\DX12</Filter>
    </ClInclude>
    <ClInclude Include="Engine\Math\Math.h">
      <Filter>Engine\Math</Filter>
    </ClInclude>
    <ClInclude Include="Engine\Math\MathMacro.h">
      <Filter>Engine\Math</Filter>
    </ClInclude>
    <ClInclude Include="Engine\Math\Matrix4x4.h">
      <Filter>Engine\Math</Filter>
    </ClInclude>
    <ClInclude Include="Engine\Math\MatVec.h">
      <Filter>Engine\Math</Filter>
    </ClInclude>
    <ClInclude Include="Engine\Math\Rect2.h">
      <Filter>Engine\Math</Filter>
    </ClInclude>
    <ClInclude Include="Engine\Math\Vector2.h">
      <Filter>Engine\Math</Filter>
    </ClInclude>
    <ClInclude Include="Engine\Math\Vector3.h">
      <Filter>Engine\Math</Filter>
    </ClInclude>
    <ClInclude Include="Engine\Math\Vector4.h">
      <Filter>Engine\Math</Filter>
    </ClInclude>
    <ClInclude Include="test\Scene1.h">
      <Filter>test</Filter>
    </ClInclude>
  </ItemGroup>
</Project>